
Microsoft Visual Studio Solution File, Format Version 12.00
# Visual Studio Version 16
VisualStudioVersion = 16.0.31025.194
MinimumVisualStudioVersion = 10.0.40219.1
Project("{FAE04EC0-301F-11D3-BF4B-00C04F79EFBC}") = "Restaurant-Management", "Restaurant-Management\Restaurant-Management.csproj", "{B6F547E3-2844-4068-BF2F-DBBE15ABEE4C}"
EndProject
Global
	GlobalSection(SolutionConfigurationPlatforms) = preSolution
		Debug|Any CPU = Debug|Any CPU
		Release|Any CPU = Release|Any CPU
	EndGlobalSection
	GlobalSection(ProjectConfigurationPlatforms) = postSolution
		{B6F547E3-2844-4068-BF2F-DBBE15ABEE4C}.Debug|Any CPU.ActiveCfg = Debug|Any CPU
		{B6F547E3-2844-4068-BF2F-DBBE15ABEE4C}.Debug|Any CPU.Build.0 = Debug|Any CPU
		{B6F547E3-2844-4068-BF2F-DBBE15ABEE4C}.Release|Any CPU.ActiveCfg = Release|Any CPU
		{B6F547E3-2844-4068-BF2F-DBBE15ABEE4C}.Release|Any CPU.Build.0 = Release|Any CPU
	EndGlobalSection
	GlobalSection(SolutionProperties) = preSolution
		HideSolutionNode = FALSE
	EndGlobalSection
	GlobalSection(ExtensibilityGlobals) = postSolution
		SolutionGuid = {0E20219E-964D-4018-B764-235080B5CB81}
	EndGlobalSection
EndGlobal
